
Microsoft Visual Studio Solution File, Format Version 12.00
Project("{FAE04EC0-301F-11D3-BF4B-00C04F79EFBC}") = "Mutube.Web", "Mutube.Web\Mutube.Web.csproj", "{51767C93-D6C5-4F52-AF01-2AB484DA6C9D}"
EndProject
Global
	GlobalSection(SolutionConfigurationPlatforms) = preSolution
		Debug|Any CPU = Debug|Any CPU
		Release|Any CPU = Release|Any CPU
	EndGlobalSection
	GlobalSection(ProjectConfigurationPlatforms) = postSolution
		{51767C93-D6C5-4F52-AF01-2AB484DA6C9D}.Debug|Any CPU.ActiveCfg = Debug|Any CPU
		{51767C93-D6C5-4F52-AF01-2AB484DA6C9D}.Debug|Any CPU.Build.0 = Debug|Any CPU
		{51767C93-D6C5-4F52-AF01-2AB484DA6C9D}.Release|Any CPU.ActiveCfg = Release|Any CPU
		{51767C93-D6C5-4F52-AF01-2AB484DA6C9D}.Release|Any CPU.Build.0 = Release|Any CPU
	EndGlobalSection
EndGlobal
